{
  "name": "tachiweb-ui",
  "requires": true,
  "lockfileVersion": 1,
  "dependencies": {
    "@material/animation": {
      "version": "0.3.1",
      "resolved": "https://registry.npmjs.org/@material/animation/-/animation-0.3.1.tgz",
      "integrity": "sha1-Ip3mkn0FkNbWsgFX13jSZO8CIpo="
    },
    "@material/auto-init": {
      "version": "0.1.4",
      "resolved": "https://registry.npmjs.org/@material/auto-init/-/auto-init-0.1.4.tgz",
      "integrity": "sha512-pyq6hTVrYo/Z/yU3vCAaIpo7C9As/Inj49kt7tRPLsCQ5MDhhMTjCZFmqldDss88XQ1QR2gjNoSh7lNkwRlu7A=="
    },
    "@material/base": {
      "version": "0.2.5",
      "resolved": "https://registry.npmjs.org/@material/base/-/base-0.2.5.tgz",
      "integrity": "sha512-oQEiOLBlPRox8LEQNRmtOjFGMYg0D4cyE1swQwYwSy0Zz1/hG21f3f3WsPDn4NUhnscL68chtlJiG49LLd6Nfw=="
    },
    "@material/button": {
      "version": "0.6.0",
      "resolved": "https://registry.npmjs.org/@material/button/-/button-0.6.0.tgz",
      "integrity": "sha1-ztQg0otP0tXUsCcGRjBuzlA2J7Y=",
      "requires": {
        "@material/elevation": "^0.1.11",
        "@material/ripple": "^0.8.6",
        "@material/theme": "^0.3.0",
        "@material/typography": "^0.3.0"
      }
    },
    "@material/card": {
      "version": "0.2.8",
      "resolved": "https://registry.npmjs.org/@material/card/-/card-0.2.8.tgz",
      "integrity": "sha1-HSkMU8sg0ud8zufgRvngEYvbK5Y=",
      "requires": {
        "@material/elevation": "^0.1.11",
        "@material/rtl": "^0.1.7",
        "@material/theme": "^0.3.0",
        "@material/typography": "^0.3.0"
      }
    },
    "@material/checkbox": {
      "version": "0.4.6",
      "resolved": "https://registry.npmjs.org/@material/checkbox/-/checkbox-0.4.6.tgz",
      "integrity": "sha1-u2CdS4UsJ4ywa6mSTuy9rdpV9KM=",
      "requires": {
        "@material/animation": "^0.3.1",
        "@material/base": "^0.2.5",
        "@material/ripple": "^0.8.6",
        "@material/rtl": "^0.1.7",
        "@material/selection-control": "^0.1.1",
        "@material/theme": "^0.3.0"
      }
    },
    "@material/dialog": {
      "version": "0.4.3",
      "resolved": "https://registry.npmjs.org/@material/dialog/-/dialog-0.4.3.tgz",
      "integrity": "sha1-PD02EGnf+Lix1NOa1s+p0Cg2CCc=",
      "requires": {
        "@material/animation": "^0.3.1",
        "@material/base": "^0.2.5",
        "@material/elevation": "^0.1.11",
        "@material/ripple": "^0.8.6",
        "@material/rtl": "^0.1.7",
        "@material/theme": "^0.3.0",
        "@material/typography": "^0.1.1",
        "focus-trap": "^2.3.0"
      },
      "dependencies": {
        "@material/typography": {
          "version": "0.1.1",
          "resolved": "https://registry.npmjs.org/@material/typography/-/typography-0.1.1.tgz",
          "integrity": "sha1-+y40N70yhNOen7kUhXZ63msr0ME="
        }
      }
    },
    "@material/drawer": {
      "version": "0.5.7",
      "resolved": "https://registry.npmjs.org/@material/drawer/-/drawer-0.5.7.tgz",
      "integrity": "sha1-2Rbcp9d2ugPpX6wkPZsS49DxkvA=",
      "requires": {
        "@material/animation": "^0.3.1",
        "@material/base": "^0.2.5",
        "@material/elevation": "^0.1.11",
        "@material/rtl": "^0.1.7",
        "@material/theme": "^0.3.0",
        "@material/typography": "^0.3.0"
      }
    },
    "@material/elevation": {
      "version": "0.1.11",
      "resolved": "https://registry.npmjs.org/@material/elevation/-/elevation-0.1.11.tgz",
      "integrity": "sha1-GVgVZIaX8vutIGZqTCMtybbxGJs=",
      "requires": {
        "@material/animation": "^0.3.1"
      }
    },
    "@material/fab": {
      "version": "0.4.0",
      "resolved": "https://registry.npmjs.org/@material/fab/-/fab-0.4.0.tgz",
      "integrity": "sha1-5r85z1ruqWiqcZMdVd4qWgTZo+0=",
      "requires": {
        "@material/animation": "^0.3.1",
        "@material/elevation": "^0.1.11",
        "@material/ripple": "^0.8.6",
        "@material/theme": "^0.3.0"
      }
    },
    "@material/form-field": {
      "version": "0.2.15",
      "resolved": "https://registry.npmjs.org/@material/form-field/-/form-field-0.2.15.tgz",
      "integrity": "sha1-LTBW0fx0SFKGydWGwQjja+irkAM=",
      "requires": {
        "@material/base": "^0.2.5",
        "@material/rtl": "^0.1.7",
        "@material/selection-control": "^0.1.1",
        "@material/theme": "^0.3.0",
        "@material/typography": "^0.3.0"
      }
    },
    "@material/grid-list": {
      "version": "0.2.11",
      "resolved": "https://registry.npmjs.org/@material/grid-list/-/grid-list-0.2.11.tgz",
      "integrity": "sha1-3Cn4jt9TPTCEPeq17xPLW6qiFt8=",
      "requires": {
        "@material/base": "^0.2.5",
        "@material/rtl": "^0.1.7",
        "@material/theme": "^0.3.0",
        "@material/typography": "^0.3.0"
      }
    },
    "@material/icon-toggle": {
      "version": "0.1.20",
      "resolved": "https://registry.npmjs.org/@material/icon-toggle/-/icon-toggle-0.1.20.tgz",
      "integrity": "sha1-uvLRv7DLk6ryH9+qsyV0VDZF+8A=",
      "requires": {
        "@material/animation": "^0.3.1",
        "@material/base": "^0.2.5",
        "@material/ripple": "^0.8.6",
        "@material/theme": "^0.3.0"
      }
    },
    "@material/layout-grid": {
      "version": "0.4.3",
      "resolved": "https://registry.npmjs.org/@material/layout-grid/-/layout-grid-0.4.3.tgz",
      "integrity": "sha1-+1aoHDs8SPqoH4hJPr13NBWVhtk="
    },
    "@material/linear-progress": {
      "version": "0.1.9",
      "resolved": "https://registry.npmjs.org/@material/linear-progress/-/linear-progress-0.1.9.tgz",
      "integrity": "sha1-I2xMmt69snFcBUHbxFv1hAP0HFQ=",
      "requires": {
        "@material/animation": "^0.3.1",
        "@material/base": "^0.2.5",
        "@material/theme": "^0.3.0"
      }
    },
    "@material/list": {
      "version": "0.2.18",
      "resolved": "https://registry.npmjs.org/@material/list/-/list-0.2.18.tgz",
      "integrity": "sha1-KielNYh/gN5SargF8mXGAeBdsLI=",
      "requires": {
        "@material/ripple": "^0.8.6",
        "@material/rtl": "^0.1.7",
        "@material/theme": "^0.3.0",
        "@material/typography": "^0.3.0"
      }
    },
    "@material/menu": {
      "version": "0.4.6",
      "resolved": "https://registry.npmjs.org/@material/menu/-/menu-0.4.6.tgz",
      "integrity": "sha1-kSyDFmPYQqGhhtx/YRgoiy1qZQw=",
      "requires": {
        "@material/animation": "^0.3.1",
        "@material/base": "^0.2.5",
        "@material/elevation": "^0.1.11",
        "@material/theme": "^0.3.0",
        "@material/typography": "^0.3.0"
      }
    },
    "@material/radio": {
      "version": "0.2.13",
      "resolved": "https://registry.npmjs.org/@material/radio/-/radio-0.2.13.tgz",
      "integrity": "sha1-k1eYMwuOOBCMGeqL9z+HDCI+FG8=",
      "requires": {
        "@material/animation": "^0.3.1",
        "@material/base": "^0.2.5",
        "@material/ripple": "^0.8.6",
        "@material/selection-control": "^0.1.1",
        "@material/theme": "^0.3.0"
      }
    },
    "@material/ripple": {
      "version": "0.8.6",
      "resolved": "https://registry.npmjs.org/@material/ripple/-/ripple-0.8.6.tgz",
      "integrity": "sha1-A57CKTf3i8/vozDTUzx3hSRm2Ng=",
      "requires": {
        "@material/base": "^0.2.5",
        "@material/theme": "^0.3.0"
      }
    },
    "@material/rtl": {
      "version": "0.1.7",
      "resolved": "https://registry.npmjs.org/@material/rtl/-/rtl-0.1.7.tgz",
      "integrity": "sha1-s4t3GvGDvPNNZD9gDxf8QzaYU1o="
    },
    "@material/select": {
      "version": "0.3.16",
      "resolved": "https://registry.npmjs.org/@material/select/-/select-0.3.16.tgz",
      "integrity": "sha1-0vz+ng+BzKv7aRwnuFRGwRjpJTc=",
      "requires": {
        "@material/animation": "^0.3.1",
        "@material/base": "^0.2.5",
        "@material/list": "^0.2.18",
        "@material/menu": "^0.4.6",
        "@material/rtl": "^0.1.7",
        "@material/theme": "^0.3.0",
        "@material/typography": "^0.3.0"
      }
    },
    "@material/selection-control": {
      "version": "0.1.1",
      "resolved": "https://registry.npmjs.org/@material/selection-control/-/selection-control-0.1.1.tgz",
      "integrity": "sha1-l0gidx1h2hA0c3I2xdwg5jqcUtM=",
      "requires": {
        "@material/ripple": "^0.8.6"
      }
    },
    "@material/slider": {
      "version": "0.2.5",
      "resolved": "https://registry.npmjs.org/@material/slider/-/slider-0.2.5.tgz",
      "integrity": "sha1-JulEiSUzOFfWRHPtFbwnbfpwC+M=",
      "requires": {
        "@material/animation": "^0.3.1",
        "@material/base": "^0.2.5",
        "@material/rtl": "^0.1.7",
        "@material/theme": "^0.3.0"
      }
    },
    "@material/snackbar": {
      "version": "0.3.6",
      "resolved": "https://registry.npmjs.org/@material/snackbar/-/snackbar-0.3.6.tgz",
      "integrity": "sha1-Q+skWO70uFfSa9N6a365tI3nnQA=",
      "requires": {
        "@material/animation": "^0.3.1",
        "@material/base": "^0.2.5",
        "@material/button": "^0.6.0",
        "@material/rtl": "^0.1.7",
        "@material/theme": "^0.3.0",
        "@material/typography": "^0.3.0"
      }
    },
    "@material/switch": {
      "version": "0.1.13",
      "resolved": "https://registry.npmjs.org/@material/switch/-/switch-0.1.13.tgz",
      "integrity": "sha1-9rWzBVQX9NsH+EMil0nWz/l6KVQ=",
      "requires": {
        "@material/animation": "^0.3.1",
        "@material/elevation": "^0.1.11",
        "@material/theme": "^0.3.0"
      }
    },
    "@material/tabs": {
      "version": "0.2.9",
      "resolved": "https://registry.npmjs.org/@material/tabs/-/tabs-0.2.9.tgz",
      "integrity": "sha1-5RLSSKYrN+XtVwkMUuZhmWDr3bM=",
      "requires": {
        "@material/animation": "^0.3.1",
        "@material/base": "^0.2.5",
        "@material/ripple": "^0.8.6",
        "@material/rtl": "^0.1.7",
        "@material/theme": "^0.3.0",
        "@material/typography": "^0.3.0"
      }
    },
    "@material/textfield": {
      "version": "0.4.0",
      "resolved": "https://registry.npmjs.org/@material/textfield/-/textfield-0.4.0.tgz",
      "integrity": "sha1-l+AYWn4lWxl3W0j+AfJ2rZ21/vw=",
      "requires": {
        "@material/animation": "^0.3.1",
        "@material/base": "^0.2.5",
        "@material/ripple": "^0.8.6",
        "@material/rtl": "^0.1.7",
        "@material/theme": "^0.3.0",
        "@material/typography": "^0.3.0"
      }
    },
    "@material/theme": {
      "version": "0.3.0",
      "resolved": "https://registry.npmjs.org/@material/theme/-/theme-0.3.0.tgz",
      "integrity": "sha1-0OdiLHeuu9lBbmVhwx/0qDONHwY="
    },
    "@material/toolbar": {
      "version": "0.4.8",
      "resolved": "https://registry.npmjs.org/@material/toolbar/-/toolbar-0.4.8.tgz",
      "integrity": "sha1-JlYIojVu5rRCmnjET8fhbpW/T+4=",
      "requires": {
        "@material/base": "^0.2.5",
        "@material/elevation": "^0.1.11",
        "@material/rtl": "^0.1.7",
        "@material/theme": "^0.3.0",
        "@material/typography": "^0.3.0"
      }
    },
    "@material/typography": {
      "version": "0.3.0",
      "resolved": "https://registry.npmjs.org/@material/typography/-/typography-0.3.0.tgz",
      "integrity": "sha1-+CjC0yFb/WbFgHJwm0JgxkElOQo="
    },
    "coa": {
      "version": "0.3.9",
      "resolved": "https://registry.npmjs.org/coa/-/coa-0.3.9.tgz",
      "integrity": "sha1-fj0g0wr3C4CGLpXU1JtxUYO+lgQ=",
      "requires": {
        "q": "~0.8.10"
      }
    },
    "css-prefix": {
      "version": "0.0.2",
      "resolved": "https://registry.npmjs.org/css-prefix/-/css-prefix-0.0.2.tgz",
      "integrity": "sha1-OBKnCMegqsE/E9evKQoUVZBxOi4=",
      "requires": {
        "cssp": "~1.0.5",
        "traverse": "~0.6.1"
      }
    },
    "cssp": {
      "version": "1.0.6",
      "resolved": "https://registry.npmjs.org/cssp/-/cssp-1.0.6.tgz",
      "integrity": "sha1-WsZPuiKpChI0fkbgNZghgsG/GwE=",
      "requires": {
        "ometajs": "~ 3.1.x"
      }
    },
    "focus-trap": {
      "version": "2.3.0",
      "resolved": "https://registry.npmjs.org/focus-trap/-/focus-trap-2.3.0.tgz",
      "integrity": "sha1-B8kZZIZ9NGMV9PX434i/lkVTFuI=",
      "requires": {
        "tabbable": "^1.0.3"
      }
    },
    "material-components-web": {
      "version": "0.20.0",
      "resolved": "https://registry.npmjs.org/material-components-web/-/material-components-web-0.20.0.tgz",
      "integrity": "sha1-om2oDCcP0GJc14Q73MYbDFqFJ/U=",
      "requires": {
        "@material/animation": "^0.3.1",
        "@material/auto-init": "^0.1.4",
        "@material/base": "^0.2.5",
        "@material/button": "^0.6.0",
        "@material/card": "^0.2.8",
        "@material/checkbox": "^0.4.6",
        "@material/dialog": "^0.4.3",
        "@material/drawer": "^0.5.7",
        "@material/elevation": "^0.1.11",
        "@material/fab": "^0.4.0",
        "@material/form-field": "^0.2.15",
        "@material/grid-list": "^0.2.11",
        "@material/icon-toggle": "^0.1.20",
        "@material/layout-grid": "^0.4.3",
        "@material/linear-progress": "^0.1.9",
        "@material/list": "^0.2.18",
        "@material/menu": "^0.4.6",
        "@material/radio": "^0.2.13",
        "@material/ripple": "^0.8.6",
        "@material/rtl": "^0.1.7",
        "@material/select": "^0.3.16",
        "@material/selection-control": "^0.1.1",
        "@material/slider": "^0.2.5",
        "@material/snackbar": "^0.3.6",
        "@material/switch": "^0.1.13",
        "@material/tabs": "^0.2.9",
        "@material/textfield": "^0.4.0",
        "@material/theme": "^0.3.0",
        "@material/toolbar": "^0.4.8",
        "@material/typography": "^0.3.0"
      }
    },
    "ometajs": {
      "version": "3.1.19",
      "resolved": "https://registry.npmjs.org/ometajs/-/ometajs-3.1.19.tgz",
      "integrity": "sha1-LlXQmMYc7M0p/aFe89NoktrrbJk=",
      "requires": {
        "coa": "0.3.x",
        "q": "0.8.x",
        "uglify-js": "1.3.x"
      }
    },
    "q": {
      "version": "0.8.12",
      "resolved": "https://registry.npmjs.org/q/-/q-0.8.12.tgz",
      "integrity": "sha1-kWKpHhGBnEvNp9oVz1/vqtB3iCM="
    },
    "tabbable": {
      "version": "1.0.7",
      "resolved": "https://registry.npmjs.org/tabbable/-/tabbable-1.0.7.tgz",
      "integrity": "sha512-DWz6m3yI5o029kimabnfM30XTxYEvNSvFy0w42q44ZltDR020KpIuaXhaRIGfEjlGtJPBA+PDU2Y/cwDloJUOQ=="
    },
    "traverse": {
      "version": "0.6.6",
      "resolved": "https://registry.npmjs.org/traverse/-/traverse-0.6.6.tgz",
      "integrity": "sha1-y99WD9e5r2MlAv7UD5GMFX6pcTc="
    },
    "uglify-js": {
      "version": "1.3.5",
      "resolved": "https://registry.npmjs.org/uglify-js/-/uglify-js-1.3.5.tgz",
      "integrity": "sha1-S1v/+Rhu/7qoiOTJ6UvZ/EyUkp0="
    }
  }
}
